
Microsoft Visual Studio Solution File, Format Version 12.00
# Visual Studio Version 17
VisualStudioVersion = 17.13.35913.81 d17.13
MinimumVisualStudioVersion = 10.0.40219.1
Project("{FAE04EC0-301F-11D3-BF4B-00C04F79EFBC}") = "ToDoList", "ToDoList\ToDoList.csproj", "{8BBD710F-69F6-4E6B-B94E-2F9EC51F9646}"
EndProject
Project("{2150E333-8FDC-42A3-9474-1A3956D46DE8}") = "Presentation", "Presentation", "{02EA681E-C7D8-13C7-8484-4AC65E1B71E8}"
EndProject
Project("{2150E333-8FDC-42A3-9474-1A3956D46DE8}") = "Application", "Application", "{31596C93-5195-479F-AD8A-06BCEA4C1FF8}"
EndProject
Project("{2150E333-8FDC-42A3-9474-1A3956D46DE8}") = "Domain", "Domain", "{645C64A3-8AE6-49B8-8733-0300DC470B5C}"
EndProject
Project("{2150E333-8FDC-42A3-9474-1A3956D46DE8}") = "Infrastructure", "Infrastructure", "{C21EEC50-F33A-44A0-8658-0EEF0C5195E5}"
EndProject
Project("{FAE04EC0-301F-11D3-BF4B-00C04F79EFBC}") = "ToDoList.Infrastructure", "ToDoList.Infrastructure\ToDoList.Infrastructure.csproj", "{A3DB60C8-499B-415B-AF81-639FD397542D}"
EndProject
Project("{FAE04EC0-301F-11D3-BF4B-00C04F79EFBC}") = "ToDoList.Domain", "ToDoList.Domain\ToDoList.Domain.csproj", "{CCD428F2-10AD-43F4-AA03-02B8A0F6D539}"
EndProject
Project("{FAE04EC0-301F-11D3-BF4B-00C04F79EFBC}") = "ToDoList.Application", "ToDoList.Application\ToDoList.Application.csproj", "{5BE4E7D3-F3F2-4C3F-A72D-E7E0F60A24C7}"
EndProject
Global
	GlobalSection(SolutionConfigurationPlatforms) = preSolution
		Debug|Any CPU = Debug|Any CPU
		Release|Any CPU = Release|Any CPU
	EndGlobalSection
	GlobalSection(ProjectConfigurationPlatforms) = postSolution
		{8BBD710F-69F6-4E6B-B94E-2F9EC51F9646}.Debug|Any CPU.ActiveCfg = Debug|Any CPU
		{8BBD710F-69F6-4E6B-B94E-2F9EC51F9646}.Debug|Any CPU.Build.0 = Debug|Any CPU
		{8BBD710F-69F6-4E6B-B94E-2F9EC51F9646}.Release|Any CPU.ActiveCfg = Release|Any CPU
		{8BBD710F-69F6-4E6B-B94E-2F9EC51F9646}.Release|Any CPU.Build.0 = Release|Any CPU
		{A3DB60C8-499B-415B-AF81-639FD397542D}.Debug|Any CPU.ActiveCfg = Debug|Any CPU
		{A3DB60C8-499B-415B-AF81-639FD397542D}.Debug|Any CPU.Build.0 = Debug|Any CPU
		{A3DB60C8-499B-415B-AF81-639FD397542D}.Release|Any CPU.ActiveCfg = Release|Any CPU
		{A3DB60C8-499B-415B-AF81-639FD397542D}.Release|Any CPU.Build.0 = Release|Any CPU
		{CCD428F2-10AD-43F4-AA03-02B8A0F6D539}.Debug|Any CPU.ActiveCfg = Debug|Any CPU
		{CCD428F2-10AD-43F4-AA03-02B8A0F6D539}.Debug|Any CPU.Build.0 = Debug|Any CPU
		{CCD428F2-10AD-43F4-AA03-02B8A0F6D539}.Release|Any CPU.ActiveCfg = Release|Any CPU
		{CCD428F2-10AD-43F4-AA03-02B8A0F6D539}.Release|Any CPU.Build.0 = Release|Any CPU
		{5BE4E7D3-F3F2-4C3F-A72D-E7E0F60A24C7}.Debug|Any CPU.ActiveCfg = Debug|Any CPU
		{5BE4E7D3-F3F2-4C3F-A72D-E7E0F60A24C7}.Debug|Any CPU.Build.0 = Debug|Any CPU
		{5BE4E7D3-F3F2-4C3F-A72D-E7E0F60A24C7}.Release|Any CPU.ActiveCfg = Release|Any CPU
		{5BE4E7D3-F3F2-4C3F-A72D-E7E0F60A24C7}.Release|Any CPU.Build.0 = Release|Any CPU
	EndGlobalSection
	GlobalSection(SolutionProperties) = preSolution
		HideSolutionNode = FALSE
	EndGlobalSection
	GlobalSection(NestedProjects) = preSolution
		{8BBD710F-69F6-4E6B-B94E-2F9EC51F9646} = {02EA681E-C7D8-13C7-8484-4AC65E1B71E8}
		{A3DB60C8-499B-415B-AF81-639FD397542D} = {C21EEC50-F33A-44A0-8658-0EEF0C5195E5}
		{CCD428F2-10AD-43F4-AA03-02B8A0F6D539} = {645C64A3-8AE6-49B8-8733-0300DC470B5C}
		{5BE4E7D3-F3F2-4C3F-A72D-E7E0F60A24C7} = {31596C93-5195-479F-AD8A-06BCEA4C1FF8}
	EndGlobalSection
	GlobalSection(ExtensibilityGlobals) = postSolution
		SolutionGuid = {0E3F0BF5-C663-4732-BB6C-2E6D3BAD106A}
	EndGlobalSection
EndGlobal
